// !$*UTF8*$!
{
	archiveVersion = 1;
	classes = {
	};
	objectVersion = 47;
	objects = {

/* Begin PBXBuildFile section */
		66170E152004468000860449 /* AppDelegate.m in Sources */ = {isa = PBXBuildFile; fileRef = 66170E142004468000860449 /* AppDelegate.m */; };
		66170E182004468000860449 /* ViewController.m in Sources */ = {isa = PBXBuildFile; fileRef = 66170E172004468000860449 /* ViewController.m */; };
		66170E1B2004468000860449 /* Main.storyboard in Resources */ = {isa = PBXBuildFile; fileRef = 66170E192004468000860449 /* Main.storyboard */; };
		66170E1D2004468000860449 /* Assets.xcassets in Resources */ = {isa = PBXBuildFile; fileRef = 66170E1C2004468000860449 /* Assets.xcassets */; };
		66170E202004468000860449 /* LaunchScreen.storyboard in Resources */ = {isa = PBXBuildFile; fileRef = 66170E1E2004468000860449 /* LaunchScreen.storyboard */; };
		66170E232004468000860449 /* main.m in Sources */ = {isa = PBXBuildFile; fileRef = 66170E222004468000860449 /* main.m */; };
		66170E2A200446A100860449 /* kleak.c in Sources */ = {isa = PBXBuildFile; fileRef = 66170E29200446A100860449 /* kleak.c */; };
		668D075A20044AB2008E0A73 /* IOKit.framework in Frameworks */ = {isa = PBXBuildFile; fileRef = 668D075920044AB2008E0A73 /* IOKit.framework */; };
/* End PBXBuildFile section */

/* Begin PBXFileReference section */
		66170E102004468000860449 /* skybreak.app */ = {isa = PBXFileReference; explicitFileType = wrapper.application; includeInIndex = 0; path = skybreak.app; sourceTree = BUILT_PRODUCTS_DIR; };
		66170E132004468000860449 /* AppDelegate.h */ = {isa = PBXFileReference; lastKnownFileType = sourcecode.c.h; path = AppDelegate.h; sourceTree = "<group>"; };
		66170E142004468000860449 /* AppDelegate.m */ = {isa = PBXFileReference; lastKnownFileType = sourcecode.c.objc; path = AppDelegate.m; sourceTree = "<group>"; };
		66170E162004468000860449 /* ViewController.h */ = {isa = PBXFileReference; lastKnownFileType = sourcecode.c.h; path = ViewController.h; sourceTree = "<group>"; };
		66170E172004468000860449 /* ViewController.m */ = {isa = PBXFileReference; lastKnownFileType = sourcecode.c.objc; path = ViewController.m; sourceTree = "<group>"; };
		66170E1A2004468000860449 /* Base */ = {isa = PBXFileReference; lastKnownFileType = file.storyboard; name = Base; path = Base.lproj/Main.storyboard; sourceTree = "<group>"; };
		66170E1C2004468000860449 /* Assets.xcassets */ = {isa = PBXFileReference; lastKnownFileType = folder.assetcatalog; path = Assets.xcassets; sourceTree = "<group>"; };
		66170E1F2004468000860449 /* Base */ = {isa = PBXFileReference; lastKnownFileType = file.storyboard; name = Base; path = Base.lproj/LaunchScreen.storyboard; sourceTree = "<group>"; };
		66170E212004468000860449 /* Info.plist */ = {isa = PBXFileReference; lastKnownFileType = text.plist.xml; path = Info.plist; sourceTree = "<group>"; };
		66170E222004468000860449 /* main.m */ = {isa = PBXFileReference; lastKnownFileType = sourcecode.c.objc; path = main.m; sourceTree = "<group>"; };
		66170E29200446A100860449 /* kleak.c */ = {isa = PBXFileReference; lastKnownFileType = sourcecode.c.c; path = kleak.c; sourceTree = "<group>"; };
		668D075920044AB2008E0A73 /* IOKit.framework */ = {isa = PBXFileReference; lastKnownFileType = wrapper.framework; name = IOKit.framework; path = Platforms/iPhoneOS.platform/Developer/SDKs/iPhoneOS.sdk/System/Library/Frameworks/IOKit.framework; sourceTree = DEVELOPER_DIR; };
		66A7060420044EE400070A1B /* IOKitLib.h */ = {isa = PBXFileReference; fileEncoding = 4; lastKnownFileType = sourcecode.c.h; path = IOKitLib.h; sourceTree = "<group>"; };
		66A7060520044EE400070A1B /* iokitmig.h */ = {isa = PBXFileReference; fileEncoding = 4; lastKnownFileType = sourcecode.c.h; path = iokitmig.h; sourceTree = "<group>"; };
		66A7060620044EE400070A1B /* IOKitKeys.h */ = {isa = PBXFileReference; fileEncoding = 4; lastKnownFileType = sourcecode.c.h; path = IOKitKeys.h; sourceTree = "<group>"; };
		66A7060720044EE400070A1B /* IOTypes.h */ = {isa = PBXFileReference; fileEncoding = 4; lastKnownFileType = sourcecode.c.h; path = IOTypes.h; sourceTree = "<group>"; };
		66A7060820044EE400070A1B /* OSMessageNotification.h */ = {isa = PBXFileReference; fileEncoding = 4; lastKnownFileType = sourcecode.c.h; path = OSMessageNotification.h; sourceTree = "<group>"; };
		66A7060920044EE400070A1B /* IOReturn.h */ = {isa = PBXFileReference; fileEncoding = 4; lastKnownFileType = sourcecode.c.h; path = IOReturn.h; sourceTree = "<group>"; };
/* End PBXFileReference section */

/* Begin PBXFrameworksBuildPhase section */
		66170E0D2004468000860449 /* Frameworks */ = {
			isa = PBXFrameworksBuildPhase;
			buildActionMask = 2147483647;
			files = (
				668D075A20044AB2008E0A73 /* IOKit.framework in Frameworks */,
			);
			runOnlyForDeploymentPostprocessing = 0;
		};
/* End PBXFrameworksBuildPhase section */

/* Begin PBXGroup section */
		66170E072004468000860449 = {
			isa = PBXGroup;
			children = (
				66170E122004468000860449 /* skybreak */,
				66A7060220044EBC00070A1B /* Headers */,
				66170E2B2004472D00860449 /* Frameworks */,
				66170E112004468000860449 /* Products */,
			);
			sourceTree = "<group>";
		};
		66170E112004468000860449 /* Products */ = {
			isa = PBXGroup;
			children = (
				66170E102004468000860449 /* skybreak.app */,
			);
			name = Products;
			sourceTree = "<group>";
		};
		66170E122004468000860449 /* skybreak */ = {
			isa = PBXGroup;
			children = (
				66170E132004468000860449 /* AppDelegate.h */,
				66170E142004468000860449 /* AppDelegate.m */,
				66170E162004468000860449 /* ViewController.h */,
				66170E172004468000860449 /* ViewController.m */,
				66170E29200446A100860449 /* kleak.c */,
				66170E192004468000860449 /* Main.storyboard */,
				66170E1C2004468000860449 /* Assets.xcassets */,
				66170E1E2004468000860449 /* LaunchScreen.storyboard */,
				66170E212004468000860449 /* Info.plist */,
				66170E222004468000860449 /* main.m */,
			);
			path = skybreak;
			sourceTree = "<group>";
		};
		66170E2B2004472D00860449 /* Frameworks */ = {
			isa = PBXGroup;
			children = (
				668D075920044AB2008E0A73 /* IOKit.framework */,
			);
			name = Frameworks;
			sourceTree = "<group>";
		};
		66A7060220044EBC00070A1B /* Headers */ = {
			isa = PBXGroup;
			children = (
				66A7060320044EC800070A1B /* IOKit */,
			);
			path = Headers;
			sourceTree = "<group>";
		};
		66A7060320044EC800070A1B /* IOKit */ = {
			isa = PBXGroup;
			children = (
				66A7060620044EE400070A1B /* IOKitKeys.h */,
				66A7060420044EE400070A1B /* IOKitLib.h */,
				66A7060520044EE400070A1B /* iokitmig.h */,
				66A7060920044EE400070A1B /* IOReturn.h */,
				66A7060720044EE400070A1B /* IOTypes.h */,
				66A7060820044EE400070A1B /* OSMessageNotification.h */,
			);
			path = IOKit;
			sourceTree = "<group>";
		};
/* End PBXGroup section */

/* Begin PBXNativeTarget section */
		66170E0F2004468000860449 /* skybreak */ = {
			isa = PBXNativeTarget;
			buildConfigurationList = 66170E262004468000860449 /* Build configuration list for PBXNativeTarget "skybreak" */;
			buildPhases = (
				66170E0C2004468000860449 /* Sources */,
				66170E0D2004468000860449 /* Frameworks */,
				66170E0E2004468000860449 /* Resources */,
			);
			buildRules = (
			);
			dependencies = (
			);
			name = skybreak;
			productName = skybreak;
			productReference = 66170E102004468000860449 /* skybreak.app */;
			productType = "com.apple.product-type.application";
		};
/* End PBXNativeTarget section */

/* Begin PBXProject section */
		66170E082004468000860449 /* Project object */ = {
			isa = PBXProject;
			attributes = {
				LastUpgradeCheck = 0920;
				ORGANIZATIONNAME = Liam;
				TargetAttributes = {
					66170E0F2004468000860449 = {
						CreatedOnToolsVersion = 9.2;
						DevelopmentTeam = 8D57P3C9SP;
						ProvisioningStyle = Automatic;
					};
				};
			};
			buildConfigurationList = 66170E0B2004468000860449 /* Build configuration list for PBXProject "skybreak" */;
			compatibilityVersion = "Xcode 6.3";
			developmentRegion = en;
			hasScannedForEncodings = 0;
			knownRegions = (
				en,
				Base,
			);
			mainGroup = 66170E072004468000860449;
			productRefGroup = 66170E112004468000860449 /* Products */;
			projectDirPath = "";
			projectRoot = "";
			targets = (
				66170E0F2004468000860449 /* skybreak */,
			);
		};
/* End PBXProject section */

/* Begin PBXResourcesBuildPhase section */
		66170E0E2004468000860449 /* Resources */ = {
			isa = PBXResourcesBuildPhase;
			buildActionMask = 2147483647;
			files = (
				66170E202004468000860449 /* LaunchScreen.storyboard in Resources */,
				66170E1D2004468000860449 /* Assets.xcassets in Resources */,
				66170E1B2004468000860449 /* Main.storyboard in Resources */,
			);
			runOnlyForDeploymentPostprocessing = 0;
		};
/* End PBXResourcesBuildPhase section */

/* Begin PBXSourcesBuildPhase section */
		66170E0C2004468000860449 /* Sources */ = {
			isa = PBXSourcesBuildPhase;
			buildActionMask = 2147483647;
			files = (
				66170E2A200446A100860449 /* kleak.c in Sources */,
				66170E182004468000860449 /* ViewController.m in Sources */,
				66170E232004468000860449 /* main.m in Sources */,
				66170E152004468000860449 /* AppDelegate.m in Sources */,
			);
			runOnlyForDeploymentPostprocessing = 0;
		};
/* End PBXSourcesBuildPhase section */

/* Begin PBXVariantGroup section */
		66170E192004468000860449 /* Main.storyboard */ = {
			isa = PBXVariantGroup;
			children = (
				66170E1A2004468000860449 /* Base */,
			);
			name = Main.storyboard;
			sourceTree = "<group>";
		};
		66170E1E2004468000860449 /* LaunchScreen.storyboard */ = {
			isa = PBXVariantGroup;
			children = (
				66170E1F2004468000860449 /* Base */,
			);
			name = LaunchScreen.storyboard;
			sourceTree = "<group>";
		};
/* End PBXVariantGroup section */

/* Begin XCBuildConfiguration section */
		66170E242004468000860449 /* Debug */ = {
			isa = XCBuildConfiguration;
			buildSettings = {
				ALWAYS_SEARCH_USER_PATHS = NO;
				CLANG_ANALYZER_NONNULL = YES;
				CLANG_ANALYZER_NUMBER_OBJECT_CONVERSION = YES_AGGRESSIVE;
				CLANG_CXX_LANGUAGE_STANDARD = "gnu++14";
				CLANG_CXX_LIBRARY = "libc++";
				CLANG_ENABLE_MODULES = YES;
				CLANG_ENABLE_OBJC_ARC = YES;
				CLANG_WARN_BLOCK_CAPTURE_AUTORELEASING = YES;
				CLANG_WARN_BOOL_CONVERSION = YES;
				CLANG_WARN_COMMA = YES;
				CLANG_WARN_CONSTANT_CONVERSION = YES;
				CLANG_WARN_DIRECT_OBJC_ISA_USAGE = YES_ERROR;
				CLANG_WARN_DOCUMENTATION_COMMENTS = YES;
				CLANG_WARN_EMPTY_BODY = YES;
				CLANG_WARN_ENUM_CONVERSION = YES;
				CLANG_WARN_INFINITE_RECURSION = YES;
				CLANG_WARN_INT_CONVERSION = YES;
				CLANG_WARN_NON_LITERAL_NULL_CONVERSION = YES;
				CLANG_WARN_OBJC_LITERAL_CONVERSION = YES;
				CLANG_WARN_OBJC_ROOT_CLASS = YES_ERROR;
				CLANG_WARN_RANGE_LOOP_ANALYSIS = YES;
				CLANG_WARN_STRICT_PROTOTYPES = YES;
				CLANG_WARN_SUSPICIOUS_MOVE = YES;
				CLANG_WARN_UNGUARDED_AVAILABILITY = YES_AGGRESSIVE;
				CLANG_WARN_UNREACHABLE_CODE = YES;
				CLANG_WARN__DUPLICATE_METHOD_MATCH = YES;
				CODE_SIGN_IDENTITY = "iPhone Developer";
				COPY_PHASE_STRIP = NO;
				DEBUG_INFORMATION_FORMAT = dwarf;
				ENABLE_STRICT_OBJC_MSGSEND = YES;
				ENABLE_TESTABILITY = YES;
				GCC_C_LANGUAGE_STANDARD = gnu11;
				GCC_DYNAMIC_NO_PIC = NO;
				GCC_NO_COMMON_BLOCKS = YES;
				GCC_OPTIMIZATION_LEVEL = 0;
				GCC_PREPROCESSOR_DEFINITIONS = (
					"DEBUG=1",
					"$(inherited)",
				);
				GCC_WARN_64_TO_32_BIT_CONVERSION = YES;
				GCC_WARN_ABOUT_RETURN_TYPE = YES_ERROR;
				GCC_WARN_UNDECLARED_SELECTOR = YES;
				GCC_WARN_UNINITIALIZED_AUTOS = YES_AGGRESSIVE;
				GCC_WARN_UNUSED_FUNCTION = YES;
				GCC_WARN_UNUSED_VARIABLE = YES;
				IPHONEOS_DEPLOYMENT_TARGET = 11.2;
				MTL_ENABLE_DEBUG_INFO = YES;
				ONLY_ACTIVE_ARCH = YES;
				SDKROOT = iphoneos;
			};
			name = Debug;
		};
		66170E252004468000860449 /* Release */ = {
			isa = XCBuildConfiguration;
			buildSettings = {
				ALWAYS_SEARCH_USER_PATHS = NO;
				CLANG_ANALYZER_NONNULL = YES;
				CLANG_ANALYZER_NUMBER_OBJECT_CONVERSION = YES_AGGRESSIVE;
				CLANG_CXX_LANGUAGE_STANDARD = "gnu++14";
				CLANG_CXX_LIBRARY = "libc++";
				CLANG_ENABLE_MODULES = YES;
				CLANG_ENABLE_OBJC_ARC = YES;
				CLANG_WARN_BLOCK_CAPTURE_AUTORELEASING = YES;
				CLANG_WARN_BOOL_CONVERSION = YES;
				CLANG_WARN_COMMA = YES;
				CLANG_WARN_CONSTANT_CONVERSION = YES;
				CLANG_WARN_DIRECT_OBJC_ISA_USAGE = YES_ERROR;
				CLANG_WARN_DOCUMENTATION_COMMENTS = YES;
				CLANG_WARN_EMPTY_BODY = YES;
				CLANG_WARN_ENUM_CONVERSION = YES;
				CLANG_WARN_INFINITE_RECURSION = YES;
				CLANG_WARN_INT_CONVERSION = YES;
				CLANG_WARN_NON_LITERAL_NULL_CONVERSION = YES;
				CLANG_WARN_OBJC_LITERAL_CONVERSION = YES;
				CLANG_WARN_OBJC_ROOT_CLASS = YES_ERROR;
				CLANG_WARN_RANGE_LOOP_ANALYSIS = YES;
				CLANG_WARN_STRICT_PROTOTYPES = YES;
				CLANG_WARN_SUSPICIOUS_MOVE = YES;
				CLANG_WARN_UNGUARDED_AVAILABILITY = YES_AGGRESSIVE;
				CLANG_WARN_UNREACHABLE_CODE = YES;
				CLANG_WARN__DUPLICATE_METHOD_MATCH = YES;
				CODE_SIGN_IDENTITY = "iPhone Developer";
				COPY_PHASE_STRIP = NO;
				DEBUG_INFORMATION_FORMAT = "dwarf-with-dsym";
				ENABLE_NS_ASSERTIONS = NO;
				ENABLE_STRICT_OBJC_MSGSEND = YES;
				GCC_C_LANGUAGE_STANDARD = gnu11;
				GCC_NO_COMMON_BLOCKS = YES;
				GCC_WARN_64_TO_32_BIT_CONVERSION = YES;
				GCC_WARN_ABOUT_RETURN_TYPE = YES_ERROR;
				GCC_WARN_UNDECLARED_SELECTOR = YES;
				GCC_WARN_UNINITIALIZED_AUTOS = YES_AGGRESSIVE;
				GCC_WARN_UNUSED_FUNCTION = YES;
				GCC_WARN_UNUSED_VARIABLE = YES;
				IPHONEOS_DEPLOYMENT_TARGET = 11.2;
				MTL_ENABLE_DEBUG_INFO = NO;
				SDKROOT = iphoneos;
				VALIDATE_PRODUCT = YES;
			};
			name = Release;
		};
		66170E272004468000860449 /* Debug */ = {
			isa = XCBuildConfiguration;
			buildSettings = {
				ALWAYS_SEARCH_USER_PATHS = YES;
				ARCHS = "$(ARCHS_STANDARD_32_BIT)";
				ASSETCATALOG_COMPILER_APPICON_NAME = AppIcon;
				CLANG_CXX_LANGUAGE_STANDARD = "gnu++0x";
				CODE_SIGN_STYLE = Automatic;
				DEVELOPMENT_TEAM = 8D57P3C9SP;
				GCC_C_LANGUAGE_STANDARD = gnu99;
				INFOPLIST_FILE = skybreak/Info.plist;
				IPHONEOS_DEPLOYMENT_TARGET = 8.0;
				LD_RUNPATH_SEARCH_PATHS = "$(inherited) @executable_path/Frameworks";
				OTHER_CFLAGS = "-fno-stack-protector";
				PRODUCT_BUNDLE_IDENTIFIER = com.cryptic.skybreak;
				PRODUCT_NAME = "$(TARGET_NAME)";
				TARGETED_DEVICE_FAMILY = "1,2";
				USER_HEADER_SEARCH_PATHS = "$(PROJECT_DIR)/Headers";
				VALID_ARCHS = "armv7 armv7s";
			};
			name = Debug;
		};
		66170E282004468000860449 /* Release */ = {
			isa = XCBuildConfiguration;
			buildSettings = {
				ALWAYS_SEARCH_USER_PATHS = YES;
				ARCHS = "$(ARCHS_STANDARD_32_BIT)";
				ASSETCATALOG_COMPILER_APPICON_NAME = AppIcon;
				CLANG_CXX_LANGUAGE_STANDARD = "gnu++0x";
				CODE_SIGN_STYLE = Automatic;
				DEVELOPMENT_TEAM = 8D57P3C9SP;
				GCC_C_LANGUAGE_STANDARD = gnu99;
				INFOPLIST_FILE = skybreak/Info.plist;
				IPHONEOS_DEPLOYMENT_TARGET = 8.0;
				LD_RUNPATH_SEARCH_PATHS = "$(inherited) @executable_path/Frameworks";
				OTHER_CFLAGS = "-fno-stack-protector";
				PRODUCT_BUNDLE_IDENTIFIER = com.cryptic.skybreak;
				PRODUCT_NAME = "$(TARGET_NAME)";
				TARGETED_DEVICE_FAMILY = "1,2";
				USER_HEADER_SEARCH_PATHS = "$(PROJECT_DIR)/Headers";
				VALID_ARCHS = "armv7 armv7s";
			};
			name = Release;
		};
/* End XCBuildConfiguration section */

/* Begin XCConfigurationList section */
		66170E0B2004468000860449 /* Build configuration list for PBXProject "skybreak" */ = {
			isa = XCConfigurationList;
			buildConfigurations = (
				66170E242004468000860449 /* Debug */,
				66170E252004468000860449 /* Release */,
			);
			defaultConfigurationIsVisible = 0;
			defaultConfigurationName = Release;
		};
		66170E262004468000860449 /* Build configuration list for PBXNativeTarget "skybreak" */ = {
			isa = XCConfigurationList;
			buildConfigurations = (
				66170E272004468000860449 /* Debug */,
				66170E282004468000860449 /* Release */,
			);
			defaultConfigurationIsVisible = 0;
			defaultConfigurationName = Release;
		};
/* End XCConfigurationList section */
	};
	rootObject = 66170E082004468000860449 /* Project object */;
}
